// !$*UTF8*$!
{
	archiveVersion = 1;
	classes = {
	};
	objectVersion = 50;
	objects = {

/* Begin PBXBuildFile section */
		497218DC23CB935E0013ED1F /* AppDelegate.swift in Sources */ = {isa = PBXBuildFile; fileRef = 497218DB23CB935E0013ED1F /* AppDelegate.swift */; };
		497218DE23CB935E0013ED1F /* SceneDelegate.swift in Sources */ = {isa = PBXBuildFile; fileRef = 497218DD23CB935E0013ED1F /* SceneDelegate.swift */; };
		497218E623CB935E0013ED1F /* Habitissimo.xcdatamodeld in Sources */ = {isa = PBXBuildFile; fileRef = 497218E423CB935E0013ED1F /* Habitissimo.xcdatamodeld */; };
		497218E823CB93610013ED1F /* Assets.xcassets in Resources */ = {isa = PBXBuildFile; fileRef = 497218E723CB93610013ED1F /* Assets.xcassets */; };
		497218EB23CB93610013ED1F /* LaunchScreen.storyboard in Resources */ = {isa = PBXBuildFile; fileRef = 497218E923CB93610013ED1F /* LaunchScreen.storyboard */; };
		497218F623CB93610013ED1F /* HabitissimoTests.swift in Sources */ = {isa = PBXBuildFile; fileRef = 497218F523CB93610013ED1F /* HabitissimoTests.swift */; };
		4972190123CB93610013ED1F /* HabitissimoUITests.swift in Sources */ = {isa = PBXBuildFile; fileRef = 4972190023CB93610013ED1F /* HabitissimoUITests.swift */; };
		4972192123CB959F0013ED1F /* BudgetListPresenter.swift in Sources */ = {isa = PBXBuildFile; fileRef = 4972191B23CB959F0013ED1F /* BudgetListPresenter.swift */; };
		4972192223CB959F0013ED1F /* BudgetListRouter.swift in Sources */ = {isa = PBXBuildFile; fileRef = 4972191C23CB959F0013ED1F /* BudgetListRouter.swift */; };
		4972192323CB959F0013ED1F /* BudgetListViewController.swift in Sources */ = {isa = PBXBuildFile; fileRef = 4972191D23CB959F0013ED1F /* BudgetListViewController.swift */; };
		4972192423CB959F0013ED1F /* BudgetListProtocols.swift in Sources */ = {isa = PBXBuildFile; fileRef = 4972191E23CB959F0013ED1F /* BudgetListProtocols.swift */; };
		4972192523CB959F0013ED1F /* BudgetListInteractor.swift in Sources */ = {isa = PBXBuildFile; fileRef = 4972191F23CB959F0013ED1F /* BudgetListInteractor.swift */; };
		4972192623CB959F0013ED1F /* BudgetListViewController.xib in Resources */ = {isa = PBXBuildFile; fileRef = 4972192023CB959F0013ED1F /* BudgetListViewController.xib */; };
		4972192D23CBAB770013ED1F /* BudgetListTableViewCell.swift in Sources */ = {isa = PBXBuildFile; fileRef = 4972192B23CBAB770013ED1F /* BudgetListTableViewCell.swift */; };
		4972192E23CBAB770013ED1F /* BudgetListTableViewCell.xib in Resources */ = {isa = PBXBuildFile; fileRef = 4972192C23CBAB770013ED1F /* BudgetListTableViewCell.xib */; };
		4972193023CCF5E20013ED1F /* BudgetListDataRetriver.swift in Sources */ = {isa = PBXBuildFile; fileRef = 4972192F23CCF5E20013ED1F /* BudgetListDataRetriver.swift */; };
		4972193223CCF70D0013ED1F /* APIService.swift in Sources */ = {isa = PBXBuildFile; fileRef = 4972193123CCF70D0013ED1F /* APIService.swift */; };
		4972193423CCF7F90013ED1F /* LocalService.swift in Sources */ = {isa = PBXBuildFile; fileRef = 4972193323CCF7F90013ED1F /* LocalService.swift */; };
		4972193823CCF9030013ED1F /* Category.swift in Sources */ = {isa = PBXBuildFile; fileRef = 4972193723CCF9030013ED1F /* Category.swift */; };
		4972193A23CCFCC70013ED1F /* BudgetListResolver.swift in Sources */ = {isa = PBXBuildFile; fileRef = 4972193923CCFCC70013ED1F /* BudgetListResolver.swift */; };
		4972193C23CCFFEE0013ED1F /* BudgetListMapper.swift in Sources */ = {isa = PBXBuildFile; fileRef = 4972193B23CCFFEE0013ED1F /* BudgetListMapper.swift */; };
/* End PBXBuildFile section */

/* Begin PBXContainerItemProxy section */
		497218F223CB93610013ED1F /* PBXContainerItemProxy */ = {
			isa = PBXContainerItemProxy;
			containerPortal = 497218D023CB935E0013ED1F /* Project object */;
			proxyType = 1;
			remoteGlobalIDString = 497218D723CB935E0013ED1F;
			remoteInfo = Habitissimo;
		};
		497218FD23CB93610013ED1F /* PBXContainerItemProxy */ = {
			isa = PBXContainerItemProxy;
			containerPortal = 497218D023CB935E0013ED1F /* Project object */;
			proxyType = 1;
			remoteGlobalIDString = 497218D723CB935E0013ED1F;
			remoteInfo = Habitissimo;
		};
/* End PBXContainerItemProxy section */

/* Begin PBXFileReference section */
		497218D823CB935E0013ED1F /* Habitissimo.app */ = {isa = PBXFileReference; explicitFileType = wrapper.application; includeInIndex = 0; path = Habitissimo.app; sourceTree = BUILT_PRODUCTS_DIR; };
		497218DB23CB935E0013ED1F /* AppDelegate.swift */ = {isa = PBXFileReference; lastKnownFileType = sourcecode.swift; path = AppDelegate.swift; sourceTree = "<group>"; };
		497218DD23CB935E0013ED1F /* SceneDelegate.swift */ = {isa = PBXFileReference; lastKnownFileType = sourcecode.swift; path = SceneDelegate.swift; sourceTree = "<group>"; };
		497218E523CB935E0013ED1F /* Habitissimo.xcdatamodel */ = {isa = PBXFileReference; lastKnownFileType = wrapper.xcdatamodel; path = Habitissimo.xcdatamodel; sourceTree = "<group>"; };
		497218E723CB93610013ED1F /* Assets.xcassets */ = {isa = PBXFileReference; lastKnownFileType = folder.assetcatalog; path = Assets.xcassets; sourceTree = "<group>"; };
		497218EA23CB93610013ED1F /* Base */ = {isa = PBXFileReference; lastKnownFileType = file.storyboard; name = Base; path = Base.lproj/LaunchScreen.storyboard; sourceTree = "<group>"; };
		497218EC23CB93610013ED1F /* Info.plist */ = {isa = PBXFileReference; lastKnownFileType = text.plist.xml; path = Info.plist; sourceTree = "<group>"; };
		497218F123CB93610013ED1F /* HabitissimoTests.xctest */ = {isa = PBXFileReference; explicitFileType = wrapper.cfbundle; includeInIndex = 0; path = HabitissimoTests.xctest; sourceTree = BUILT_PRODUCTS_DIR; };
		497218F523CB93610013ED1F /* HabitissimoTests.swift */ = {isa = PBXFileReference; lastKnownFileType = sourcecode.swift; path = HabitissimoTests.swift; sourceTree = "<group>"; };
		497218F723CB93610013ED1F /* Info.plist */ = {isa = PBXFileReference; lastKnownFileType = text.plist.xml; path = Info.plist; sourceTree = "<group>"; };
		497218FC23CB93610013ED1F /* HabitissimoUITests.xctest */ = {isa = PBXFileReference; explicitFileType = wrapper.cfbundle; includeInIndex = 0; path = HabitissimoUITests.xctest; sourceTree = BUILT_PRODUCTS_DIR; };
		4972190023CB93610013ED1F /* HabitissimoUITests.swift */ = {isa = PBXFileReference; lastKnownFileType = sourcecode.swift; path = HabitissimoUITests.swift; sourceTree = "<group>"; };
		4972190223CB93610013ED1F /* Info.plist */ = {isa = PBXFileReference; lastKnownFileType = text.plist.xml; path = Info.plist; sourceTree = "<group>"; };
		4972191B23CB959F0013ED1F /* BudgetListPresenter.swift */ = {isa = PBXFileReference; lastKnownFileType = sourcecode.swift; path = BudgetListPresenter.swift; sourceTree = "<group>"; };
		4972191C23CB959F0013ED1F /* BudgetListRouter.swift */ = {isa = PBXFileReference; lastKnownFileType = sourcecode.swift; path = BudgetListRouter.swift; sourceTree = "<group>"; };
		4972191D23CB959F0013ED1F /* BudgetListViewController.swift */ = {isa = PBXFileReference; lastKnownFileType = sourcecode.swift; path = BudgetListViewController.swift; sourceTree = "<group>"; };
		4972191E23CB959F0013ED1F /* BudgetListProtocols.swift */ = {isa = PBXFileReference; lastKnownFileType = sourcecode.swift; path = BudgetListProtocols.swift; sourceTree = "<group>"; };
		4972191F23CB959F0013ED1F /* BudgetListInteractor.swift */ = {isa = PBXFileReference; lastKnownFileType = sourcecode.swift; path = BudgetListInteractor.swift; sourceTree = "<group>"; };
		4972192023CB959F0013ED1F /* BudgetListViewController.xib */ = {isa = PBXFileReference; lastKnownFileType = file.xib; path = BudgetListViewController.xib; sourceTree = "<group>"; };
		4972192B23CBAB770013ED1F /* BudgetListTableViewCell.swift */ = {isa = PBXFileReference; lastKnownFileType = sourcecode.swift; path = BudgetListTableViewCell.swift; sourceTree = "<group>"; };
		4972192C23CBAB770013ED1F /* BudgetListTableViewCell.xib */ = {isa = PBXFileReference; lastKnownFileType = file.xib; path = BudgetListTableViewCell.xib; sourceTree = "<group>"; };
		4972192F23CCF5E20013ED1F /* BudgetListDataRetriver.swift */ = {isa = PBXFileReference; lastKnownFileType = sourcecode.swift; path = BudgetListDataRetriver.swift; sourceTree = "<group>"; };
		4972193123CCF70D0013ED1F /* APIService.swift */ = {isa = PBXFileReference; lastKnownFileType = sourcecode.swift; path = APIService.swift; sourceTree = "<group>"; };
		4972193323CCF7F90013ED1F /* LocalService.swift */ = {isa = PBXFileReference; lastKnownFileType = sourcecode.swift; path = LocalService.swift; sourceTree = "<group>"; };
		4972193723CCF9030013ED1F /* Category.swift */ = {isa = PBXFileReference; lastKnownFileType = sourcecode.swift; path = Category.swift; sourceTree = "<group>"; };
		4972193923CCFCC70013ED1F /* BudgetListResolver.swift */ = {isa = PBXFileReference; lastKnownFileType = sourcecode.swift; path = BudgetListResolver.swift; sourceTree = "<group>"; };
		4972193B23CCFFEE0013ED1F /* BudgetListMapper.swift */ = {isa = PBXFileReference; lastKnownFileType = sourcecode.swift; path = BudgetListMapper.swift; sourceTree = "<group>"; };
/* End PBXFileReference section */

/* Begin PBXFrameworksBuildPhase section */
		497218D523CB935E0013ED1F /* Frameworks */ = {
			isa = PBXFrameworksBuildPhase;
			buildActionMask = 2147483647;
			files = (
			);
			runOnlyForDeploymentPostprocessing = 0;
		};
		497218EE23CB93610013ED1F /* Frameworks */ = {
			isa = PBXFrameworksBuildPhase;
			buildActionMask = 2147483647;
			files = (
			);
			runOnlyForDeploymentPostprocessing = 0;
		};
		497218F923CB93610013ED1F /* Frameworks */ = {
			isa = PBXFrameworksBuildPhase;
			buildActionMask = 2147483647;
			files = (
			);
			runOnlyForDeploymentPostprocessing = 0;
		};
/* End PBXFrameworksBuildPhase section */

/* Begin PBXGroup section */
		497218CF23CB935E0013ED1F = {
			isa = PBXGroup;
			children = (
				497218DA23CB935E0013ED1F /* Habitissimo */,
				497218F423CB93610013ED1F /* HabitissimoTests */,
				497218FF23CB93610013ED1F /* HabitissimoUITests */,
				497218D923CB935E0013ED1F /* Products */,
			);
			sourceTree = "<group>";
		};
		497218D923CB935E0013ED1F /* Products */ = {
			isa = PBXGroup;
			children = (
				497218D823CB935E0013ED1F /* Habitissimo.app */,
				497218F123CB93610013ED1F /* HabitissimoTests.xctest */,
				497218FC23CB93610013ED1F /* HabitissimoUITests.xctest */,
			);
			name = Products;
			sourceTree = "<group>";
		};
		497218DA23CB935E0013ED1F /* Habitissimo */ = {
			isa = PBXGroup;
			children = (
				4972193623CCF8ED0013ED1F /* Models */,
				4972193523CCF8B80013ED1F /* Services */,
				4972191A23CB95880013ED1F /* BadgetList */,
				497218DB23CB935E0013ED1F /* AppDelegate.swift */,
				497218DD23CB935E0013ED1F /* SceneDelegate.swift */,
				497218E723CB93610013ED1F /* Assets.xcassets */,
				497218E923CB93610013ED1F /* LaunchScreen.storyboard */,
				497218EC23CB93610013ED1F /* Info.plist */,
				497218E423CB935E0013ED1F /* Habitissimo.xcdatamodeld */,
			);
			path = Habitissimo;
			sourceTree = "<group>";
		};
		497218F423CB93610013ED1F /* HabitissimoTests */ = {
			isa = PBXGroup;
			children = (
				497218F523CB93610013ED1F /* HabitissimoTests.swift */,
				497218F723CB93610013ED1F /* Info.plist */,
			);
			path = HabitissimoTests;
			sourceTree = "<group>";
		};
		497218FF23CB93610013ED1F /* HabitissimoUITests */ = {
			isa = PBXGroup;
			children = (
				4972190023CB93610013ED1F /* HabitissimoUITests.swift */,
				4972190223CB93610013ED1F /* Info.plist */,
			);
			path = HabitissimoUITests;
			sourceTree = "<group>";
		};
		4972191A23CB95880013ED1F /* BadgetList */ = {
			isa = PBXGroup;
			children = (
				4972191B23CB959F0013ED1F /* BudgetListPresenter.swift */,
				4972191C23CB959F0013ED1F /* BudgetListRouter.swift */,
				4972191D23CB959F0013ED1F /* BudgetListViewController.swift */,
				4972191E23CB959F0013ED1F /* BudgetListProtocols.swift */,
				4972191F23CB959F0013ED1F /* BudgetListInteractor.swift */,
				4972192023CB959F0013ED1F /* BudgetListViewController.xib */,
				4972192B23CBAB770013ED1F /* BudgetListTableViewCell.swift */,
				4972192C23CBAB770013ED1F /* BudgetListTableViewCell.xib */,
				4972192F23CCF5E20013ED1F /* BudgetListDataRetriver.swift */,
				4972193923CCFCC70013ED1F /* BudgetListResolver.swift */,
				4972193B23CCFFEE0013ED1F /* BudgetListMapper.swift */,
			);
			path = BadgetList;
			sourceTree = "<group>";
		};
		4972193523CCF8B80013ED1F /* Services */ = {
			isa = PBXGroup;
			children = (
				4972193123CCF70D0013ED1F /* APIService.swift */,
				4972193323CCF7F90013ED1F /* LocalService.swift */,
			);
			path = Services;
			sourceTree = "<group>";
		};
		4972193623CCF8ED0013ED1F /* Models */ = {
			isa = PBXGroup;
			children = (
				4972193723CCF9030013ED1F /* Category.swift */,
			);
			path = Models;
			sourceTree = "<group>";
		};
/* End PBXGroup section */

/* Begin PBXNativeTarget section */
		497218D723CB935E0013ED1F /* Habitissimo */ = {
			isa = PBXNativeTarget;
			buildConfigurationList = 4972190523CB93610013ED1F /* Build configuration list for PBXNativeTarget "Habitissimo" */;
			buildPhases = (
				497218D423CB935E0013ED1F /* Sources */,
				497218D523CB935E0013ED1F /* Frameworks */,
				497218D623CB935E0013ED1F /* Resources */,
			);
			buildRules = (
			);
			dependencies = (
			);
			name = Habitissimo;
			productName = Habitissimo;
			productReference = 497218D823CB935E0013ED1F /* Habitissimo.app */;
			productType = "com.apple.product-type.application";
		};
		497218F023CB93610013ED1F /* HabitissimoTests */ = {
			isa = PBXNativeTarget;
			buildConfigurationList = 4972190823CB93610013ED1F /* Build configuration list for PBXNativeTarget "HabitissimoTests" */;
			buildPhases = (
				497218ED23CB93610013ED1F /* Sources */,
				497218EE23CB93610013ED1F /* Frameworks */,
				497218EF23CB93610013ED1F /* Resources */,
			);
			buildRules = (
			);
			dependencies = (
				497218F323CB93610013ED1F /* PBXTargetDependency */,
			);
			name = HabitissimoTests;
			productName = HabitissimoTests;
			productReference = 497218F123CB93610013ED1F /* HabitissimoTests.xctest */;
			productType = "com.apple.product-type.bundle.unit-test";
		};
		497218FB23CB93610013ED1F /* HabitissimoUITests */ = {
			isa = PBXNativeTarget;
			buildConfigurationList = 4972190B23CB93610013ED1F /* Build configuration list for PBXNativeTarget "HabitissimoUITests" */;
			buildPhases = (
				497218F823CB93610013ED1F /* Sources */,
				497218F923CB93610013ED1F /* Frameworks */,
				497218FA23CB93610013ED1F /* Resources */,
			);
			buildRules = (
			);
			dependencies = (
				497218FE23CB93610013ED1F /* PBXTargetDependency */,
			);
			name = HabitissimoUITests;
			productName = HabitissimoUITests;
			productReference = 497218FC23CB93610013ED1F /* HabitissimoUITests.xctest */;
			productType = "com.apple.product-type.bundle.ui-testing";
		};
/* End PBXNativeTarget section */

/* Begin PBXProject section */
		497218D023CB935E0013ED1F /* Project object */ = {
			isa = PBXProject;
			attributes = {
				LastSwiftUpdateCheck = 1120;
				LastUpgradeCheck = 1120;
				ORGANIZATIONNAME = marc;
				TargetAttributes = {
					497218D723CB935E0013ED1F = {
						CreatedOnToolsVersion = 11.2.1;
					};
					497218F023CB93610013ED1F = {
						CreatedOnToolsVersion = 11.2.1;
						TestTargetID = 497218D723CB935E0013ED1F;
					};
					497218FB23CB93610013ED1F = {
						CreatedOnToolsVersion = 11.2.1;
						TestTargetID = 497218D723CB935E0013ED1F;
					};
				};
			};
			buildConfigurationList = 497218D323CB935E0013ED1F /* Build configuration list for PBXProject "Habitissimo" */;
			compatibilityVersion = "Xcode 9.3";
			developmentRegion = en;
			hasScannedForEncodings = 0;
			knownRegions = (
				en,
				Base,
			);
			mainGroup = 497218CF23CB935E0013ED1F;
			productRefGroup = 497218D923CB935E0013ED1F /* Products */;
			projectDirPath = "";
			projectRoot = "";
			targets = (
				497218D723CB935E0013ED1F /* Habitissimo */,
				497218F023CB93610013ED1F /* HabitissimoTests */,
				497218FB23CB93610013ED1F /* HabitissimoUITests */,
			);
		};
/* End PBXProject section */

/* Begin PBXResourcesBuildPhase section */
		497218D623CB935E0013ED1F /* Resources */ = {
			isa = PBXResourcesBuildPhase;
			buildActionMask = 2147483647;
			files = (
				497218EB23CB93610013ED1F /* LaunchScreen.storyboard in Resources */,
				497218E823CB93610013ED1F /* Assets.xcassets in Resources */,
				4972192E23CBAB770013ED1F /* BudgetListTableViewCell.xib in Resources */,
				4972192623CB959F0013ED1F /* BudgetListViewController.xib in Resources */,
			);
			runOnlyForDeploymentPostprocessing = 0;
		};
		497218EF23CB93610013ED1F /* Resources */ = {
			isa = PBXResourcesBuildPhase;
			buildActionMask = 2147483647;
			files = (
			);
			runOnlyForDeploymentPostprocessing = 0;
		};
		497218FA23CB93610013ED1F /* Resources */ = {
			isa = PBXResourcesBuildPhase;
			buildActionMask = 2147483647;
			files = (
			);
			runOnlyForDeploymentPostprocessing = 0;
		};
/* End PBXResourcesBuildPhase section */

/* Begin PBXSourcesBuildPhase section */
		497218D423CB935E0013ED1F /* Sources */ = {
			isa = PBXSourcesBuildPhase;
			buildActionMask = 2147483647;
			files = (
				4972192423CB959F0013ED1F /* BudgetListProtocols.swift in Sources */,
				4972193023CCF5E20013ED1F /* BudgetListDataRetriver.swift in Sources */,
				4972193823CCF9030013ED1F /* Category.swift in Sources */,
				4972192323CB959F0013ED1F /* BudgetListViewController.swift in Sources */,
				4972192D23CBAB770013ED1F /* BudgetListTableViewCell.swift in Sources */,
				4972192123CB959F0013ED1F /* BudgetListPresenter.swift in Sources */,
				4972192523CB959F0013ED1F /* BudgetListInteractor.swift in Sources */,
				497218E623CB935E0013ED1F /* Habitissimo.xcdatamodeld in Sources */,
				4972193423CCF7F90013ED1F /* LocalService.swift in Sources */,
				4972193223CCF70D0013ED1F /* APIService.swift in Sources */,
				4972193C23CCFFEE0013ED1F /* BudgetListMapper.swift in Sources */,
				4972192223CB959F0013ED1F /* BudgetListRouter.swift in Sources */,
				4972193A23CCFCC70013ED1F /* BudgetListResolver.swift in Sources */,
				497218DC23CB935E0013ED1F /* AppDelegate.swift in Sources */,
				497218DE23CB935E0013ED1F /* SceneDelegate.swift in Sources */,
			);
			runOnlyForDeploymentPostprocessing = 0;
		};
		497218ED23CB93610013ED1F /* Sources */ = {
			isa = PBXSourcesBuildPhase;
			buildActionMask = 2147483647;
			files = (
				497218F623CB93610013ED1F /* HabitissimoTests.swift in Sources */,
			);
			runOnlyForDeploymentPostprocessing = 0;
		};
		497218F823CB93610013ED1F /* Sources */ = {
			isa = PBXSourcesBuildPhase;
			buildActionMask = 2147483647;
			files = (
				4972190123CB93610013ED1F /* HabitissimoUITests.swift in Sources */,
			);
			runOnlyForDeploymentPostprocessing = 0;
		};
/* End PBXSourcesBuildPhase section */

/* Begin PBXTargetDependency section */
		497218F323CB93610013ED1F /* PBXTargetDependency */ = {
			isa = PBXTargetDependency;
			target = 497218D723CB935E0013ED1F /* Habitissimo */;
			targetProxy = 497218F223CB93610013ED1F /* PBXContainerItemProxy */;
		};
		497218FE23CB93610013ED1F /* PBXTargetDependency */ = {
			isa = PBXTargetDependency;
			target = 497218D723CB935E0013ED1F /* Habitissimo */;
			targetProxy = 497218FD23CB93610013ED1F /* PBXContainerItemProxy */;
		};
/* End PBXTargetDependency section */

/* Begin PBXVariantGroup section */
		497218E923CB93610013ED1F /* LaunchScreen.storyboard */ = {
			isa = PBXVariantGroup;
			children = (
				497218EA23CB93610013ED1F /* Base */,
			);
			name = LaunchScreen.storyboard;
			sourceTree = "<group>";
		};
/* End PBXVariantGroup section */

/* Begin XCBuildConfiguration section */
		4972190323CB93610013ED1F /* Debug */ = {
			isa = XCBuildConfiguration;
			buildSettings = {
				ALWAYS_SEARCH_USER_PATHS = NO;
				CLANG_ANALYZER_NONNULL = YES;
				CLANG_ANALYZER_NUMBER_OBJECT_CONVERSION = YES_AGGRESSIVE;
				CLANG_CXX_LANGUAGE_STANDARD = "gnu++14";
				CLANG_CXX_LIBRARY = "libc++";
				CLANG_ENABLE_MODULES = YES;
				CLANG_ENABLE_OBJC_ARC = YES;
				CLANG_ENABLE_OBJC_WEAK = YES;
				CLANG_WARN_BLOCK_CAPTURE_AUTORELEASING = YES;
				CLANG_WARN_BOOL_CONVERSION = YES;
				CLANG_WARN_COMMA = YES;
				CLANG_WARN_CONSTANT_CONVERSION = YES;
				CLANG_WARN_DEPRECATED_OBJC_IMPLEMENTATIONS = YES;
				CLANG_WARN_DIRECT_OBJC_ISA_USAGE = YES_ERROR;
				CLANG_WARN_DOCUMENTATION_COMMENTS = YES;
				CLANG_WARN_EMPTY_BODY = YES;
				CLANG_WARN_ENUM_CONVERSION = YES;
				CLANG_WARN_INFINITE_RECURSION = YES;
				CLANG_WARN_INT_CONVERSION = YES;
				CLANG_WARN_NON_LITERAL_NULL_CONVERSION = YES;
				CLANG_WARN_OBJC_IMPLICIT_RETAIN_SELF = YES;
				CLANG_WARN_OBJC_LITERAL_CONVERSION = YES;
				CLANG_WARN_OBJC_ROOT_CLASS = YES_ERROR;
				CLANG_WARN_RANGE_LOOP_ANALYSIS = YES;
				CLANG_WARN_STRICT_PROTOTYPES = YES;
				CLANG_WARN_SUSPICIOUS_MOVE = YES;
				CLANG_WARN_UNGUARDED_AVAILABILITY = YES_AGGRESSIVE;
				CLANG_WARN_UNREACHABLE_CODE = YES;
				CLANG_WARN__DUPLICATE_METHOD_MATCH = YES;
				COPY_PHASE_STRIP = NO;
				DEBUG_INFORMATION_FORMAT = dwarf;
				ENABLE_STRICT_OBJC_MSGSEND = YES;
				ENABLE_TESTABILITY = YES;
				GCC_C_LANGUAGE_STANDARD = gnu11;
				GCC_DYNAMIC_NO_PIC = NO;
				GCC_NO_COMMON_BLOCKS = YES;
				GCC_OPTIMIZATION_LEVEL = 0;
				GCC_PREPROCESSOR_DEFINITIONS = (
					"DEBUG=1",
					"$(inherited)",
				);
				GCC_WARN_64_TO_32_BIT_CONVERSION = YES;
				GCC_WARN_ABOUT_RETURN_TYPE = YES_ERROR;
				GCC_WARN_UNDECLARED_SELECTOR = YES;
				GCC_WARN_UNINITIALIZED_AUTOS = YES_AGGRESSIVE;
				GCC_WARN_UNUSED_FUNCTION = YES;
				GCC_WARN_UNUSED_VARIABLE = YES;
				IPHONEOS_DEPLOYMENT_TARGET = 13.2;
				MTL_ENABLE_DEBUG_INFO = INCLUDE_SOURCE;
				MTL_FAST_MATH = YES;
				ONLY_ACTIVE_ARCH = YES;
				SDKROOT = iphoneos;
				SWIFT_ACTIVE_COMPILATION_CONDITIONS = DEBUG;
				SWIFT_OPTIMIZATION_LEVEL = "-Onone";
			};
			name = Debug;
		};
		4972190423CB93610013ED1F /* Release */ = {
			isa = XCBuildConfiguration;
			buildSettings = {
				ALWAYS_SEARCH_USER_PATHS = NO;
				CLANG_ANALYZER_NONNULL = YES;
				CLANG_ANALYZER_NUMBER_OBJECT_CONVERSION = YES_AGGRESSIVE;
				CLANG_CXX_LANGUAGE_STANDARD = "gnu++14";
				CLANG_CXX_LIBRARY = "libc++";
				CLANG_ENABLE_MODULES = YES;
				CLANG_ENABLE_OBJC_ARC = YES;
				CLANG_ENABLE_OBJC_WEAK = YES;
				CLANG_WARN_BLOCK_CAPTURE_AUTORELEASING = YES;
				CLANG_WARN_BOOL_CONVERSION = YES;
				CLANG_WARN_COMMA = YES;
				CLANG_WARN_CONSTANT_CONVERSION = YES;
				CLANG_WARN_DEPRECATED_OBJC_IMPLEMENTATIONS = YES;
				CLANG_WARN_DIRECT_OBJC_ISA_USAGE = YES_ERROR;
				CLANG_WARN_DOCUMENTATION_COMMENTS = YES;
				CLANG_WARN_EMPTY_BODY = YES;
				CLANG_WARN_ENUM_CONVERSION = YES;
				CLANG_WARN_INFINITE_RECURSION = YES;
				CLANG_WARN_INT_CONVERSION = YES;
				CLANG_WARN_NON_LITERAL_NULL_CONVERSION = YES;
				CLANG_WARN_OBJC_IMPLICIT_RETAIN_SELF = YES;
				CLANG_WARN_OBJC_LITERAL_CONVERSION = YES;
				CLANG_WARN_OBJC_ROOT_CLASS = YES_ERROR;
				CLANG_WARN_RANGE_LOOP_ANALYSIS = YES;
				CLANG_WARN_STRICT_PROTOTYPES = YES;
				CLANG_WARN_SUSPICIOUS_MOVE = YES;
				CLANG_WARN_UNGUARDED_AVAILABILITY = YES_AGGRESSIVE;
				CLANG_WARN_UNREACHABLE_CODE = YES;
				CLANG_WARN__DUPLICATE_METHOD_MATCH = YES;
				COPY_PHASE_STRIP = NO;
				DEBUG_INFORMATION_FORMAT = "dwarf-with-dsym";
				ENABLE_NS_ASSERTIONS = NO;
				ENABLE_STRICT_OBJC_MSGSEND = YES;
				GCC_C_LANGUAGE_STANDARD = gnu11;
				GCC_NO_COMMON_BLOCKS = YES;
				GCC_WARN_64_TO_32_BIT_CONVERSION = YES;
				GCC_WARN_ABOUT_RETURN_TYPE = YES_ERROR;
				GCC_WARN_UNDECLARED_SELECTOR = YES;
				GCC_WARN_UNINITIALIZED_AUTOS = YES_AGGRESSIVE;
				GCC_WARN_UNUSED_FUNCTION = YES;
				GCC_WARN_UNUSED_VARIABLE = YES;
				IPHONEOS_DEPLOYMENT_TARGET = 13.2;
				MTL_ENABLE_DEBUG_INFO = NO;
				MTL_FAST_MATH = YES;
				SDKROOT = iphoneos;
				SWIFT_COMPILATION_MODE = wholemodule;
				SWIFT_OPTIMIZATION_LEVEL = "-O";
				VALIDATE_PRODUCT = YES;
			};
			name = Release;
		};
		4972190623CB93610013ED1F /* Debug */ = {
			isa = XCBuildConfiguration;
			buildSettings = {
				ASSETCATALOG_COMPILER_APPICON_NAME = AppIcon;
				CODE_SIGN_STYLE = Automatic;
				INFOPLIST_FILE = Habitissimo/Info.plist;
				LD_RUNPATH_SEARCH_PATHS = (
					"$(inherited)",
					"@executable_path/Frameworks",
				);
				PRODUCT_BUNDLE_IDENTIFIER = com.rimar.Habitissimo;
				PRODUCT_NAME = "$(TARGET_NAME)";
				SWIFT_VERSION = 5.0;
				TARGETED_DEVICE_FAMILY = "1,2";
			};
			name = Debug;
		};
		4972190723CB93610013ED1F /* Release */ = {
			isa = XCBuildConfiguration;
			buildSettings = {
				ASSETCATALOG_COMPILER_APPICON_NAME = AppIcon;
				CODE_SIGN_STYLE = Automatic;
				INFOPLIST_FILE = Habitissimo/Info.plist;
				LD_RUNPATH_SEARCH_PATHS = (
					"$(inherited)",
					"@executable_path/Frameworks",
				);
				PRODUCT_BUNDLE_IDENTIFIER = com.rimar.Habitissimo;
				PRODUCT_NAME = "$(TARGET_NAME)";
				SWIFT_VERSION = 5.0;
				TARGETED_DEVICE_FAMILY = "1,2";
			};
			name = Release;
		};
		4972190923CB93610013ED1F /* Debug */ = {
			isa = XCBuildConfiguration;
			buildSettings = {
				ALWAYS_EMBED_SWIFT_STANDARD_LIBRARIES = YES;
				BUNDLE_LOADER = "$(TEST_HOST)";
				CODE_SIGN_STYLE = Automatic;
				INFOPLIST_FILE = HabitissimoTests/Info.plist;
				IPHONEOS_DEPLOYMENT_TARGET = 13.2;
				LD_RUNPATH_SEARCH_PATHS = (
					"$(inherited)",
					"@executable_path/Frameworks",
					"@loader_path/Frameworks",
				);
				PRODUCT_BUNDLE_IDENTIFIER = com.rimar.HabitissimoTests;
				PRODUCT_NAME = "$(TARGET_NAME)";
				SWIFT_VERSION = 5.0;
				TARGETED_DEVICE_FAMILY = "1,2";
				TEST_HOST = "$(BUILT_PRODUCTS_DIR)/Habitissimo.app/Habitissimo";
			};
			name = Debug;
		};
		4972190A23CB93610013ED1F /* Release */ = {
			isa = XCBuildConfiguration;
			buildSettings = {
				ALWAYS_EMBED_SWIFT_STANDARD_LIBRARIES = YES;
				BUNDLE_LOADER = "$(TEST_HOST)";
				CODE_SIGN_STYLE = Automatic;
				INFOPLIST_FILE = HabitissimoTests/Info.plist;
				IPHONEOS_DEPLOYMENT_TARGET = 13.2;
				LD_RUNPATH_SEARCH_PATHS = (
					"$(inherited)",
					"@executable_path/Frameworks",
					"@loader_path/Frameworks",
				);
				PRODUCT_BUNDLE_IDENTIFIER = com.rimar.HabitissimoTests;
				PRODUCT_NAME = "$(TARGET_NAME)";
				SWIFT_VERSION = 5.0;
				TARGETED_DEVICE_FAMILY = "1,2";
				TEST_HOST = "$(BUILT_PRODUCTS_DIR)/Habitissimo.app/Habitissimo";
			};
			name = Release;
		};
		4972190C23CB93610013ED1F /* Debug */ = {
			isa = XCBuildConfiguration;
			buildSettings = {
				ALWAYS_EMBED_SWIFT_STANDARD_LIBRARIES = YES;
				CODE_SIGN_STYLE = Automatic;
				INFOPLIST_FILE = HabitissimoUITests/Info.plist;
				LD_RUNPATH_SEARCH_PATHS = (
					"$(inherited)",
					"@executable_path/Frameworks",
					"@loader_path/Frameworks",
				);
				PRODUCT_BUNDLE_IDENTIFIER = com.rimar.HabitissimoUITests;
				PRODUCT_NAME = "$(TARGET_NAME)";
				SWIFT_VERSION = 5.0;
				TARGETED_DEVICE_FAMILY = "1,2";
				TEST_TARGET_NAME = Habitissimo;
			};
			name = Debug;
		};
		4972190D23CB93610013ED1F /* Release */ = {
			isa = XCBuildConfiguration;
			buildSettings = {
				ALWAYS_EMBED_SWIFT_STANDARD_LIBRARIES = YES;
				CODE_SIGN_STYLE = Automatic;
				INFOPLIST_FILE = HabitissimoUITests/Info.plist;
				LD_RUNPATH_SEARCH_PATHS = (
					"$(inherited)",
					"@executable_path/Frameworks",
					"@loader_path/Frameworks",
				);
				PRODUCT_BUNDLE_IDENTIFIER = com.rimar.HabitissimoUITests;
				PRODUCT_NAME = "$(TARGET_NAME)";
				SWIFT_VERSION = 5.0;
				TARGETED_DEVICE_FAMILY = "1,2";
				TEST_TARGET_NAME = Habitissimo;
			};
			name = Release;
		};
/* End XCBuildConfiguration section */

/* Begin XCConfigurationList section */
		497218D323CB935E0013ED1F /* Build configuration list for PBXProject "Habitissimo" */ = {
			isa = XCConfigurationList;
			buildConfigurations = (
				4972190323CB93610013ED1F /* Debug */,
				4972190423CB93610013ED1F /* Release */,
			);
			defaultConfigurationIsVisible = 0;
			defaultConfigurationName = Release;
		};
		4972190523CB93610013ED1F /* Build configuration list for PBXNativeTarget "Habitissimo" */ = {
			isa = XCConfigurationList;
			buildConfigurations = (
				4972190623CB93610013ED1F /* Debug */,
				4972190723CB93610013ED1F /* Release */,
			);
			defaultConfigurationIsVisible = 0;
			defaultConfigurationName = Release;
		};
		4972190823CB93610013ED1F /* Build configuration list for PBXNativeTarget "HabitissimoTests" */ = {
			isa = XCConfigurationList;
			buildConfigurations = (
				4972190923CB93610013ED1F /* Debug */,
				4972190A23CB93610013ED1F /* Release */,
			);
			defaultConfigurationIsVisible = 0;
			defaultConfigurationName = Release;
		};
		4972190B23CB93610013ED1F /* Build configuration list for PBXNativeTarget "HabitissimoUITests" */ = {
			isa = XCConfigurationList;
			buildConfigurations = (
				4972190C23CB93610013ED1F /* Debug */,
				4972190D23CB93610013ED1F /* Release */,
			);
			defaultConfigurationIsVisible = 0;
			defaultConfigurationName = Release;
		};
/* End XCConfigurationList section */

/* Begin XCVersionGroup section */
		497218E423CB935E0013ED1F /* Habitissimo.xcdatamodeld */ = {
			isa = XCVersionGroup;
			children = (
				497218E523CB935E0013ED1F /* Habitissimo.xcdatamodel */,
			);
			currentVersion = 497218E523CB935E0013ED1F /* Habitissimo.xcdatamodel */;
			path = Habitissimo.xcdatamodeld;
			sourceTree = "<group>";
			versionGroupType = wrapper.xcdatamodel;
		};
/* End XCVersionGroup section */
	};
	rootObject = 497218D023CB935E0013ED1F /* Project object */;
}
